
Microsoft Visual Studio Solution File, Format Version 11.00
# Visual Studio 2010
Project("{FAE04EC0-301F-11D3-BF4B-00C04F79EFBC}") = "Steamworks", "Steamworks.csproj", "{2527ea50-ce93-3221-8f1b-d71e63240eae}"
EndProject
Project("{FAE04EC0-301F-11D3-BF4B-00C04F79EFBC}") = "Assets.draco18s.translation.Runtime", "Assets.draco18s.translation.Runtime.csproj", "{c00645bb-d5dc-ae9b-5c3e-04e082ecd9a8}"
EndProject
Project("{FAE04EC0-301F-11D3-BF4B-00C04F79EFBC}") = "DracoUtils", "DracoUtils.csproj", "{37b63150-0df8-0503-e831-43c04643ae4e}"
EndProject
Project("{FAE04EC0-301F-11D3-BF4B-00C04F79EFBC}") = "Assembly-CSharp", "Assembly-CSharp.csproj", "{cd274e91-51a7-e1e4-0680-8d9192998419}"
EndProject
Project("{FAE04EC0-301F-11D3-BF4B-00C04F79EFBC}") = "DracoEditorUtils", "DracoEditorUtils.csproj", "{80c39dd4-659a-6b9b-7d5c-c52ff1bd710f}"
EndProject
Project("{FAE04EC0-301F-11D3-BF4B-00C04F79EFBC}") = "Events", "Events.csproj", "{3d5450c7-fbe7-0edf-3b61-d44acc9b834e}"
EndProject
Project("{FAE04EC0-301F-11D3-BF4B-00C04F79EFBC}") = "Assembly-CSharp-Editor", "Assembly-CSharp-Editor.csproj", "{65acfbe8-0b5f-f113-39d2-5f945e20dd5d}"
EndProject
Global
	GlobalSection(SolutionConfigurationPlatforms) = preSolution
		Debug|Any CPU = Debug|Any CPU
	EndGlobalSection
	GlobalSection(ProjectConfigurationPlatforms) = postSolution
		{2527ea50-ce93-3221-8f1b-d71e63240eae}.Debug|Any CPU.ActiveCfg = Debug|Any CPU
		{2527ea50-ce93-3221-8f1b-d71e63240eae}.Debug|Any CPU.Build.0 = Debug|Any CPU
		{c00645bb-d5dc-ae9b-5c3e-04e082ecd9a8}.Debug|Any CPU.ActiveCfg = Debug|Any CPU
		{c00645bb-d5dc-ae9b-5c3e-04e082ecd9a8}.Debug|Any CPU.Build.0 = Debug|Any CPU
		{37b63150-0df8-0503-e831-43c04643ae4e}.Debug|Any CPU.ActiveCfg = Debug|Any CPU
		{37b63150-0df8-0503-e831-43c04643ae4e}.Debug|Any CPU.Build.0 = Debug|Any CPU
		{cd274e91-51a7-e1e4-0680-8d9192998419}.Debug|Any CPU.ActiveCfg = Debug|Any CPU
		{cd274e91-51a7-e1e4-0680-8d9192998419}.Debug|Any CPU.Build.0 = Debug|Any CPU
		{80c39dd4-659a-6b9b-7d5c-c52ff1bd710f}.Debug|Any CPU.ActiveCfg = Debug|Any CPU
		{80c39dd4-659a-6b9b-7d5c-c52ff1bd710f}.Debug|Any CPU.Build.0 = Debug|Any CPU
		{3d5450c7-fbe7-0edf-3b61-d44acc9b834e}.Debug|Any CPU.ActiveCfg = Debug|Any CPU
		{3d5450c7-fbe7-0edf-3b61-d44acc9b834e}.Debug|Any CPU.Build.0 = Debug|Any CPU
		{65acfbe8-0b5f-f113-39d2-5f945e20dd5d}.Debug|Any CPU.ActiveCfg = Debug|Any CPU
		{65acfbe8-0b5f-f113-39d2-5f945e20dd5d}.Debug|Any CPU.Build.0 = Debug|Any CPU
	EndGlobalSection
	GlobalSection(SolutionProperties) = preSolution
		HideSolutionNode = FALSE
	EndGlobalSection
EndGlobal
